
Microsoft Visual Studio Solution File, Format Version 12.00
# Visual Studio Version 17
VisualStudioVersion = 17.1.32328.378
MinimumVisualStudioVersion = 10.0.40219.1
Project("{FAE04EC0-301F-11D3-BF4B-00C04F79EFBC}") = "EventsExample", "EventsExample\EventsExample.csproj", "{6C957D4A-49B0-41F8-BD04-35412CF50361}"
EndProject
Project("{FAE04EC0-301F-11D3-BF4B-00C04F79EFBC}") = "ClassLibrary1", "ClassLibrary1\ClassLibrary1.csproj", "{BAF7F222-DBE7-4AFA-9FD0-3E60913E7A39}"
EndProject
Global
	GlobalSection(SolutionConfigurationPlatforms) = preSolution
		Debug|Any CPU = Debug|Any CPU
		Release|Any CPU = Release|Any CPU
	EndGlobalSection
	GlobalSection(ProjectConfigurationPlatforms) = postSolution
		{6C957D4A-49B0-41F8-BD04-35412CF50361}.Debug|Any CPU.ActiveCfg = Debug|Any CPU
		{6C957D4A-49B0-41F8-BD04-35412CF50361}.Debug|Any CPU.Build.0 = Debug|Any CPU
		{6C957D4A-49B0-41F8-BD04-35412CF50361}.Release|Any CPU.ActiveCfg = Release|Any CPU
		{6C957D4A-49B0-41F8-BD04-35412CF50361}.Release|Any CPU.Build.0 = Release|Any CPU
		{BAF7F222-DBE7-4AFA-9FD0-3E60913E7A39}.Debug|Any CPU.ActiveCfg = Debug|Any CPU
		{BAF7F222-DBE7-4AFA-9FD0-3E60913E7A39}.Debug|Any CPU.Build.0 = Debug|Any CPU
		{BAF7F222-DBE7-4AFA-9FD0-3E60913E7A39}.Release|Any CPU.ActiveCfg = Release|Any CPU
		{BAF7F222-DBE7-4AFA-9FD0-3E60913E7A39}.Release|Any CPU.Build.0 = Release|Any CPU
	EndGlobalSection
	GlobalSection(SolutionProperties) = preSolution
		HideSolutionNode = FALSE
	EndGlobalSection
	GlobalSection(ExtensibilityGlobals) = postSolution
		SolutionGuid = {9836CC42-5AB1-4778-8BD6-77451D6426D1}
	EndGlobalSection
EndGlobal
